
Microsoft Visual Studio Solution File, Format Version 12.00
# Visual Studio Version 16
VisualStudioVersion = 16.0.31729.503
MinimumVisualStudioVersion = 10.0.40219.1
Project("{2150E333-8FDC-42A3-9474-1A3956D46DE8}") = "Doc", "Doc", "{ED821A50-B289-40DE-AF72-6E04EAEE6162}"
EndProject
Project("{2150E333-8FDC-42A3-9474-1A3956D46DE8}") = "Src", "Src", "{C4D146E7-AF43-406E-B6F6-BD81A51AB2A0}"
EndProject
Project("{2150E333-8FDC-42A3-9474-1A3956D46DE8}") = "Test", "Test", "{F2C299A1-C868-4FB4-A838-54B8D3B8B457}"
EndProject
Project("{2150E333-8FDC-42A3-9474-1A3956D46DE8}") = "Core", "Core", "{D0715471-0264-48F2-8474-3184CA463DF7}"
EndProject
Project("{2150E333-8FDC-42A3-9474-1A3956D46DE8}") = "Infrastructure", "Infrastructure", "{403F7E77-19C2-4E44-9945-BF7353D656A6}"
EndProject
Project("{2150E333-8FDC-42A3-9474-1A3956D46DE8}") = "Presentation", "Presentation", "{BDE508F5-1F4C-4ACE-88C6-D1CC7CDC24E7}"
EndProject
Project("{2150E333-8FDC-42A3-9474-1A3956D46DE8}") = "Comman", "Comman", "{22E5EE83-E790-40D2-A381-2CAAFE776D63}"
EndProject
Project("{9A19103F-16F7-4668-BE54-9A1E7A4F7556}") = "Shoping.Domain", "Shoping.Domain\Shoping.Domain.csproj", "{4AD25B41-887D-4DF6-92A1-68A466B484AB}"
EndProject
Project("{9A19103F-16F7-4668-BE54-9A1E7A4F7556}") = "Shoping.Application", "Shoping.Application\Shoping.Application.csproj", "{F9F83409-8B47-4999-933A-382C7396F55F}"
EndProject
Project("{9A19103F-16F7-4668-BE54-9A1E7A4F7556}") = "Shoping.Infrastructure", "Shoping.Infrastructure\Shoping.Infrastructure.csproj", "{0D8EED05-4970-4F08-9FF4-DD2CAFC8E9E5}"
EndProject
Project("{9A19103F-16F7-4668-BE54-9A1E7A4F7556}") = "EndPoint_Shoping", "EndPoint_Shoping\EndPoint_Shoping.csproj", "{B5EAD906-38F2-4D4F-A3DE-3B5297D156E8}"
EndProject
Project("{FAE04EC0-301F-11D3-BF4B-00C04F79EFBC}") = "Shoping.Persistance", "Persistance\Shoping.Persistance.csproj", "{A9D8FB35-D988-49CA-BEF9-1CC33F8FBB86}"
EndProject
Global
	GlobalSection(SolutionConfigurationPlatforms) = preSolution
		Debug|Any CPU = Debug|Any CPU
		Release|Any CPU = Release|Any CPU
	EndGlobalSection
	GlobalSection(ProjectConfigurationPlatforms) = postSolution
		{4AD25B41-887D-4DF6-92A1-68A466B484AB}.Debug|Any CPU.ActiveCfg = Debug|Any CPU
		{4AD25B41-887D-4DF6-92A1-68A466B484AB}.Debug|Any CPU.Build.0 = Debug|Any CPU
		{4AD25B41-887D-4DF6-92A1-68A466B484AB}.Release|Any CPU.ActiveCfg = Release|Any CPU
		{4AD25B41-887D-4DF6-92A1-68A466B484AB}.Release|Any CPU.Build.0 = Release|Any CPU
		{F9F83409-8B47-4999-933A-382C7396F55F}.Debug|Any CPU.ActiveCfg = Debug|Any CPU
		{F9F83409-8B47-4999-933A-382C7396F55F}.Debug|Any CPU.Build.0 = Debug|Any CPU
		{F9F83409-8B47-4999-933A-382C7396F55F}.Release|Any CPU.ActiveCfg = Release|Any CPU
		{F9F83409-8B47-4999-933A-382C7396F55F}.Release|Any CPU.Build.0 = Release|Any CPU
		{0D8EED05-4970-4F08-9FF4-DD2CAFC8E9E5}.Debug|Any CPU.ActiveCfg = Debug|Any CPU
		{0D8EED05-4970-4F08-9FF4-DD2CAFC8E9E5}.Debug|Any CPU.Build.0 = Debug|Any CPU
		{0D8EED05-4970-4F08-9FF4-DD2CAFC8E9E5}.Release|Any CPU.ActiveCfg = Release|Any CPU
		{0D8EED05-4970-4F08-9FF4-DD2CAFC8E9E5}.Release|Any CPU.Build.0 = Release|Any CPU
		{B5EAD906-38F2-4D4F-A3DE-3B5297D156E8}.Debug|Any CPU.ActiveCfg = Debug|Any CPU
		{B5EAD906-38F2-4D4F-A3DE-3B5297D156E8}.Debug|Any CPU.Build.0 = Debug|Any CPU
		{B5EAD906-38F2-4D4F-A3DE-3B5297D156E8}.Release|Any CPU.ActiveCfg = Release|Any CPU
		{B5EAD906-38F2-4D4F-A3DE-3B5297D156E8}.Release|Any CPU.Build.0 = Release|Any CPU
		{A9D8FB35-D988-49CA-BEF9-1CC33F8FBB86}.Debug|Any CPU.ActiveCfg = Debug|Any CPU
		{A9D8FB35-D988-49CA-BEF9-1CC33F8FBB86}.Debug|Any CPU.Build.0 = Debug|Any CPU
		{A9D8FB35-D988-49CA-BEF9-1CC33F8FBB86}.Release|Any CPU.ActiveCfg = Release|Any CPU
		{A9D8FB35-D988-49CA-BEF9-1CC33F8FBB86}.Release|Any CPU.Build.0 = Release|Any CPU
	EndGlobalSection
	GlobalSection(SolutionProperties) = preSolution
		HideSolutionNode = FALSE
	EndGlobalSection
	GlobalSection(NestedProjects) = preSolution
		{D0715471-0264-48F2-8474-3184CA463DF7} = {C4D146E7-AF43-406E-B6F6-BD81A51AB2A0}
		{403F7E77-19C2-4E44-9945-BF7353D656A6} = {C4D146E7-AF43-406E-B6F6-BD81A51AB2A0}
		{BDE508F5-1F4C-4ACE-88C6-D1CC7CDC24E7} = {C4D146E7-AF43-406E-B6F6-BD81A51AB2A0}
		{22E5EE83-E790-40D2-A381-2CAAFE776D63} = {C4D146E7-AF43-406E-B6F6-BD81A51AB2A0}
		{4AD25B41-887D-4DF6-92A1-68A466B484AB} = {D0715471-0264-48F2-8474-3184CA463DF7}
		{F9F83409-8B47-4999-933A-382C7396F55F} = {D0715471-0264-48F2-8474-3184CA463DF7}
		{0D8EED05-4970-4F08-9FF4-DD2CAFC8E9E5} = {403F7E77-19C2-4E44-9945-BF7353D656A6}
		{B5EAD906-38F2-4D4F-A3DE-3B5297D156E8} = {BDE508F5-1F4C-4ACE-88C6-D1CC7CDC24E7}
		{A9D8FB35-D988-49CA-BEF9-1CC33F8FBB86} = {403F7E77-19C2-4E44-9945-BF7353D656A6}
	EndGlobalSection
	GlobalSection(ExtensibilityGlobals) = postSolution
		SolutionGuid = {94748AD3-F53B-4585-8C86-733BB62C9D1E}
	EndGlobalSection
EndGlobal
